
Microsoft Visual Studio Solution File, Format Version 12.00
# Visual Studio Version 16
VisualStudioVersion = 16.0.28803.452
MinimumVisualStudioVersion = 10.0.40219.1
Project("{FAE04EC0-301F-11D3-BF4B-00C04F79EFBC}") = "lab1_v1", "lab1_v1.csproj", "{91F18FC6-DEB0-4589-A047-7DC88C05325A}"
EndProject
Global
	GlobalSection(SolutionConfigurationPlatforms) = preSolution
		Debug|Any CPU = Debug|Any CPU
		Release|Any CPU = Release|Any CPU
	EndGlobalSection
	GlobalSection(ProjectConfigurationPlatforms) = postSolution
		{91F18FC6-DEB0-4589-A047-7DC88C05325A}.Debug|Any CPU.ActiveCfg = Debug|Any CPU
		{91F18FC6-DEB0-4589-A047-7DC88C05325A}.Debug|Any CPU.Build.0 = Debug|Any CPU
		{91F18FC6-DEB0-4589-A047-7DC88C05325A}.Release|Any CPU.ActiveCfg = Release|Any CPU
		{91F18FC6-DEB0-4589-A047-7DC88C05325A}.Release|Any CPU.Build.0 = Release|Any CPU
	EndGlobalSection
	GlobalSection(SolutionProperties) = preSolution
		HideSolutionNode = FALSE
	EndGlobalSection
	GlobalSection(ExtensibilityGlobals) = postSolution
		SolutionGuid = {EF1023C8-FB6F-491C-877F-B16CAFEEEFD9}
	EndGlobalSection
EndGlobal
